// !$*UTF8*$!
{
	archiveVersion = 1;
	classes = {
	};
	objectVersion = 46;
	objects = {

/* Begin PBXBuildFile section */
		E2FDC7171D89B571002E4E4D /* main.cpp in Sources */ = {isa = PBXBuildFile; fileRef = E2FDC7161D89B571002E4E4D /* main.cpp */; };
/* End PBXBuildFile section */

/* Begin PBXCopyFilesBuildPhase section */
		E2FDC7111D89B571002E4E4D /* CopyFiles */ = {
			isa = PBXCopyFilesBuildPhase;
			buildActionMask = 2147483647;
			dstPath = /usr/share/man/man1/;
			dstSubfolderSpec = 0;
			files = (
			);
			runOnlyForDeploymentPostprocessing = 1;
		};
/* End PBXCopyFilesBuildPhase section */

/* Begin PBXFileReference section */
		E2FDC7131D89B571002E4E4D /* Fractions App - Group Exercise */ = {isa = PBXFileReference; explicitFileType = "compiled.mach-o.executable"; includeInIndex = 0; path = "Fractions App - Group Exercise"; sourceTree = BUILT_PRODUCTS_DIR; };
		E2FDC7161D89B571002E4E4D /* main.cpp */ = {isa = PBXFileReference; lastKnownFileType = sourcecode.cpp.cpp; path = main.cpp; sourceTree = "<group>"; };
/* End PBXFileReference section */

/* Begin PBXFrameworksBuildPhase section */
		E2FDC7101D89B571002E4E4D /* Frameworks */ = {
			isa = PBXFrameworksBuildPhase;
			buildActionMask = 2147483647;
			files = (
			);
			runOnlyForDeploymentPostprocessing = 0;
		};
/* End PBXFrameworksBuildPhase section */

/* Begin PBXGroup section */
		E2FDC70A1D89B571002E4E4D = {
			isa = PBXGroup;
			children = (
				E2FDC7151D89B571002E4E4D /* Fractions App - Group Exercise */,
				E2FDC7141D89B571002E4E4D /* Products */,
			);
			sourceTree = "<group>";
		};
		E2FDC7141D89B571002E4E4D /* Products */ = {
			isa = PBXGroup;
			children = (
				E2FDC7131D89B571002E4E4D /* Fractions App - Group Exercise */,
			);
			name = Products;
			sourceTree = "<group>";
		};
		E2FDC7151D89B571002E4E4D /* Fractions App - Group Exercise */ = {
			isa = PBXGroup;
			children = (
				E2FDC7161D89B571002E4E4D /* main.cpp */,
			);
			path = "Fractions App - Group Exercise";
			sourceTree = "<group>";
		};
/* End PBXGroup section */

/* Begin PBXNativeTarget section */
		E2FDC7121D89B571002E4E4D /* Fractions App - Group Exercise */ = {
			isa = PBXNativeTarget;
			buildConfigurationList = E2FDC71A1D89B571002E4E4D /* Build configuration list for PBXNativeTarget "Fractions App - Group Exercise" */;
			buildPhases = (
				E2FDC70F1D89B571002E4E4D /* Sources */,
				E2FDC7101D89B571002E4E4D /* Frameworks */,
				E2FDC7111D89B571002E4E4D /* CopyFiles */,
			);
			buildRules = (
			);
			dependencies = (
			);
			name = "Fractions App - Group Exercise";
			productName = "Fractions App - Group Exercise";
			productReference = E2FDC7131D89B571002E4E4D /* Fractions App - Group Exercise */;
			productType = "com.apple.product-type.tool";
		};
/* End PBXNativeTarget section */

/* Begin PBXProject section */
		E2FDC70B1D89B571002E4E4D /* Project object */ = {
			isa = PBXProject;
			attributes = {
				LastUpgradeCheck = 0730;
				ORGANIZATIONNAME = COMP130;
				TargetAttributes = {
					E2FDC7121D89B571002E4E4D = {
						CreatedOnToolsVersion = 7.3.1;
					};
				};
			};
			buildConfigurationList = E2FDC70E1D89B571002E4E4D /* Build configuration list for PBXProject "Fractions App - Group Exercise" */;
			compatibilityVersion = "Xcode 3.2";
			developmentRegion = English;
			hasScannedForEncodings = 0;
			knownRegions = (
				en,
			);
			mainGroup = E2FDC70A1D89B571002E4E4D;
			productRefGroup = E2FDC7141D89B571002E4E4D /* Products */;
			projectDirPath = "";
			projectRoot = "";
			targets = (
				E2FDC7121D89B571002E4E4D /* Fractions App - Group Exercise */,
			);
		};
/* End PBXProject section */

/* Begin PBXSourcesBuildPhase section */
		E2FDC70F1D89B571002E4E4D /* Sources */ = {
			isa = PBXSourcesBuildPhase;
			buildActionMask = 2147483647;
			files = (
				E2FDC7171D89B571002E4E4D /* main.cpp in Sources */,
			);
			runOnlyForDeploymentPostprocessing = 0;
		};
/* End PBXSourcesBuildPhase section */

/* Begin XCBuildConfiguration section */
		E2FDC7181D89B571002E4E4D /* Debug */ = {
			isa = XCBuildConfiguration;
			buildSettings = {
				ALWAYS_SEARCH_USER_PATHS = NO;
				CLANG_ANALYZER_NONNULL = YES;
				CLANG_CXX_LANGUAGE_STANDARD = "gnu++0x";
				CLANG_CXX_LIBRARY = "libc++";
				CLANG_ENABLE_MODULES = YES;
				CLANG_ENABLE_OBJC_ARC = YES;
				CLANG_WARN_BOOL_CONVERSION = YES;
				CLANG_WARN_CONSTANT_CONVERSION = YES;
				CLANG_WARN_DIRECT_OBJC_ISA_USAGE = YES_ERROR;
				CLANG_WARN_EMPTY_BODY = YES;
				CLANG_WARN_ENUM_CONVERSION = YES;
				CLANG_WARN_INT_CONVERSION = YES;
				CLANG_WARN_OBJC_ROOT_CLASS = YES_ERROR;
				CLANG_WARN_UNREACHABLE_CODE = YES;
				CLANG_WARN__DUPLICATE_METHOD_MATCH = YES;
				CODE_SIGN_IDENTITY = "-";
				COPY_PHASE_STRIP = NO;
				DEBUG_INFORMATION_FORMAT = dwarf;
				ENABLE_STRICT_OBJC_MSGSEND = YES;
				ENABLE_TESTABILITY = YES;
				GCC_C_LANGUAGE_STANDARD = gnu99;
				GCC_DYNAMIC_NO_PIC = NO;
				GCC_NO_COMMON_BLOCKS = YES;
				GCC_OPTIMIZATION_LEVEL = 0;
				GCC_PREPROCESSOR_DEFINITIONS = (
					"DEBUG=1",
					"$(inherited)",
				);
				GCC_WARN_64_TO_32_BIT_CONVERSION = YES;
				GCC_WARN_ABOUT_RETURN_TYPE = YES_ERROR;
				GCC_WARN_UNDECLARED_SELECTOR = YES;
				GCC_WARN_UNINITIALIZED_AUTOS = YES_AGGRESSIVE;
				GCC_WARN_UNUSED_FUNCTION = YES;
				GCC_WARN_UNUSED_VARIABLE = YES;
				MACOSX_DEPLOYMENT_TARGET = 10.11;
				MTL_ENABLE_DEBUG_INFO = YES;
				ONLY_ACTIVE_ARCH = YES;
				SDKROOT = macosx;
			};
			name = Debug;
		};
		E2FDC7191D89B571002E4E4D /* Release */ = {
			isa = XCBuildConfiguration;
			buildSettings = {
				ALWAYS_SEARCH_USER_PATHS = NO;
				CLANG_ANALYZER_NONNULL = YES;
				CLANG_CXX_LANGUAGE_STANDARD = "gnu++0x";
				CLANG_CXX_LIBRARY = "libc++";
				CLANG_ENABLE_MODULES = YES;
				CLANG_ENABLE_OBJC_ARC = YES;
				CLANG_WARN_BOOL_CONVERSION = YES;
				CLANG_WARN_CONSTANT_CONVERSION = YES;
				CLANG_WARN_DIRECT_OBJC_ISA_USAGE = YES_ERROR;
				CLANG_WARN_EMPTY_BODY = YES;
				CLANG_WARN_ENUM_CONVERSION = YES;
				CLANG_WARN_INT_CONVERSION = YES;
				CLANG_WARN_OBJC_ROOT_CLASS = YES_ERROR;
				CLANG_WARN_UNREACHABLE_CODE = YES;
				CLANG_WARN__DUPLICATE_METHOD_MATCH = YES;
				CODE_SIGN_IDENTITY = "-";
				COPY_PHASE_STRIP = NO;
				DEBUG_INFORMATION_FORMAT = "dwarf-with-dsym";
				ENABLE_NS_ASSERTIONS = NO;
				ENABLE_STRICT_OBJC_MSGSEND = YES;
				GCC_C_LANGUAGE_STANDARD = gnu99;
				GCC_NO_COMMON_BLOCKS = YES;
				GCC_WARN_64_TO_32_BIT_CONVERSION = YES;
				GCC_WARN_ABOUT_RETURN_TYPE = YES_ERROR;
				GCC_WARN_UNDECLARED_SELECTOR = YES;
				GCC_WARN_UNINITIALIZED_AUTOS = YES_AGGRESSIVE;
				GCC_WARN_UNUSED_FUNCTION = YES;
				GCC_WARN_UNUSED_VARIABLE = YES;
				MACOSX_DEPLOYMENT_TARGET = 10.11;
				MTL_ENABLE_DEBUG_INFO = NO;
				SDKROOT = macosx;
			};
			name = Release;
		};
		E2FDC71B1D89B571002E4E4D /* Debug */ = {
			isa = XCBuildConfiguration;
			buildSettings = {
				PRODUCT_NAME = "$(TARGET_NAME)";
			};
			name = Debug;
		};
		E2FDC71C1D89B571002E4E4D /* Release */ = {
			isa = XCBuildConfiguration;
			buildSettings = {
				PRODUCT_NAME = "$(TARGET_NAME)";
			};
			name = Release;
		};
/* End XCBuildConfiguration section */

/* Begin XCConfigurationList section */
		E2FDC70E1D89B571002E4E4D /* Build configuration list for PBXProject "Fractions App - Group Exercise" */ = {
			isa = XCConfigurationList;
			buildConfigurations = (
				E2FDC7181D89B571002E4E4D /* Debug */,
				E2FDC7191D89B571002E4E4D /* Release */,
			);
			defaultConfigurationIsVisible = 0;
			defaultConfigurationName = Release;
		};
		E2FDC71A1D89B571002E4E4D /* Build configuration list for PBXNativeTarget "Fractions App - Group Exercise" */ = {
			isa = XCConfigurationList;
			buildConfigurations = (
				E2FDC71B1D89B571002E4E4D /* Debug */,
				E2FDC71C1D89B571002E4E4D /* Release */,
			);
			defaultConfigurationIsVisible = 0;
		};
/* End XCConfigurationList section */
	};
	rootObject = E2FDC70B1D89B571002E4E4D /* Project object */;
}
